{
    "_readme": [
        "This file locks the dependencies of your project to a known state",
        "Read more about it at http://getcomposer.org/doc/01-basic-usage.md#composer-lock-the-lock-file",
        "This file is @generated automatically"
    ],
    "hash": "a5eafe8e6500265047ea8ebc594469ab",
    "packages": [
        {
            "name": "kriswallsmith/buzz",
            "version": "v0.10",
            "source": {
                "type": "git",
                "url": "https://github.com/kriswallsmith/Buzz.git",
                "reference": "759432d66387e3433d3b06cb6f773b97225b9b17"
            },
            "dist": {
                "type": "zip",
                "url": "https://api.github.com/repos/kriswallsmith/Buzz/zipball/759432d66387e3433d3b06cb6f773b97225b9b17",
                "reference": "759432d66387e3433d3b06cb6f773b97225b9b17",
                "shasum": ""
            },
            "require": {
                "php": ">=5.3.0"
            },
            "require-dev": {
                "phpunit/phpunit": "3.7.*"
            },
            "suggest": {
                "ext-curl": "*"
            },
            "type": "library",
            "autoload": {
                "psr-0": {
                    "Buzz": "lib/"
                }
            },
            "notification-url": "https://packagist.org/downloads/",
            "license": [
                "MIT"
            ],
            "authors": [
                {
                    "name": "Kris Wallsmith",
                    "email": "kris.wallsmith@gmail.com",
                    "homepage": "http://kriswallsmith.net/"
                }
            ],
            "description": "Lightweight HTTP client",
            "homepage": "https://github.com/kriswallsmith/Buzz",
            "keywords": [
                "curl",
                "http client"
            ],
            "time": "2013-05-19 03:41:15"
        },
        {
            "name": "toin0u/digitalocean-v2",
            "version": "dev-master",
            "source": {
                "type": "git",
                "url": "https://github.com/toin0u/DigitalOceanV2.git",
                "reference": "5ba707dc4135dd6c589d7ccb0d8fc619dad3a625"
            },
            "dist": {
                "type": "zip",
                "url": "https://api.github.com/repos/toin0u/DigitalOceanV2/zipball/5ba707dc4135dd6c589d7ccb0d8fc619dad3a625",
                "reference": "5ba707dc4135dd6c589d7ccb0d8fc619dad3a625",
                "shasum": ""
            },
            "require": {
                "kriswallsmith/buzz": "~0.10",
                "php": ">=5.3.3"
            },
            "type": "library",
            "extra": {
                "branch-alias": {
                    "dev-master": "0.1-dev"
                }
            },
            "autoload": {
                "psr-4": {
                    "DigitalOceanV2\\": "src"
                },
                "files": [
                    "src/functions.php"
                ]
            },
            "notification-url": "https://packagist.org/downloads/",
            "license": [
                "MIT"
            ],
            "authors": [
                {
                    "name": "Antoine Corcy",
                    "email": "contact@sbin.dk",
                    "homepage": "http://sbin.dk",
                    "role": "Developer"
                }
            ],
            "description": "DigitalOcean API v2 PHP 5.3+ library",
            "homepage": "https://github.com/toin0u/DigitalOceanV2",
            "keywords": [
                "Cloud Hosting",
                "SSD",
                "api",
                "digitalocean",
                "vps"
            ],
            "time": "2014-07-20 16:37:12"
        }
    ],
    "packages-dev": [

    ],
    "aliases": [

    ],
    "minimum-stability": "stable",
    "stability-flags": {
        "toin0u/digitalocean-v2": 20
    },
    "prefer-stable": false,
    "platform": [

    ],
    "platform-dev": [

    ]
}
